github.com/azer/is-terminal v1.0.0 h1:COvj8jmg2xMz0CqHn4Uu8X1m7Dmzmu0CpciBaLtJQBg=
github.com/azer/is-terminal v1.0.0/go.mod h1:5geuIpRQvdv6g/Q1MwXHbmNUlFLg8QcheGk4dZOmxQU=
github.com/azer/logger v1.0.0 h1:3T4BnTLyndJWHajOyECt2kAhnvP30KCrVAkYcMjHrXk=
github.com/azer/logger v1.0.0/go.mod h1:iaDID7UeBTyUh31bjGFlLkr87k23z/mHMMLzt6YQQHU=
github.com/azer/snakecase v1.0.0 h1:Gr9hfYVh6U96aUoGEbJK400H9KTiz6yCIYk3EN8n9hY=
github.com/azer/snakecase v1.0.0/go.mod h1:iApMeoHF0YlMPzCwqH/d59E3w2s8SeO4rGK+iGClS8Y=
github.com/davecgh/go-spew v1.1.1 h1:vj9j/u1bqnvCEfJOwUhtlOARqs3+rkHYY13jYWTU97c=
github.com/davecgh/go-spew v1.1.1/go.mod h1:J7Y8YcW2NihsgmVo/mv3lAwl/skON4iLHjSsI+c5H38=
github.com/go-sql-driver/mysql v1.4.0 h1:7LxgVwFb2hIQtMm87NdgAVfXjnt4OePseqT1tKx+opk=
github.com/go-sql-driver/mysql v1.4.0/go.mod h1:zAC/RDZ24gD3HViQzih4MyKcchzm+sOG5ZlKdlhCg5w=
github.com/pmezard/go-difflib v1.0.0 h1:4DBwDE0NGyQoBHbLQYPwSUPoCMWR5BEzIk/f1lZbAQM=
github.com/pmezard/go-difflib v1.0.0/go.mod h1:iKH77koFhYxTK1pcRnkKkqfTogsbg7gZNVY4sRDYZ/4=
github.com/stretchr/testify v1.2.2 h1:bSDNvY7ZPG5RlJ8otE/7V6gMiyenm9RtJ7IUVIAoJ1w=
github.com/stretchr/testify v1.2.2/go.mod h1:a8OnRcib4nhh0OaRAV+Yts87kKdq0PP7pXfy6kDkUVs=
google.golang.org/appengine v1.1.0 h1:igQkv0AAhEIvTEpD5LIpAfav2eeVO9HBTjvKHVJPRSs=
google.golang.org/appengine v1.1.0/go.mod h1:EbEs0AVv82hx2wNQdGPgUI5lhzA/G0D9YwlJXL52JkM=
